# THIS IS AN AUTOGENERATED FILE. DO NOT EDIT THIS FILE DIRECTLY.
# yarn lockfile v1


"@primeuix/motion@^0.0.10":
  version "0.0.10"
  resolved "https://registry.yarnpkg.com/@primeuix/motion/-/motion-0.0.10.tgz#9af4238226042d80518dd343c6481d03582e374a"
  integrity sha512-PsZwOPq79Scp7/ionshRcQ5xKVf9+zuLcyY5mf6onK8chHT5C9JGphmcIZ4CzcqxuGEpsm8AIbTGy+zS3RtzLA==
  dependencies:
    "@primeuix/utils" "^0.6.3"

"@primeuix/styled@^0.7.4":
  version "0.7.4"
  resolved "https://registry.yarnpkg.com/@primeuix/styled/-/styled-0.7.4.tgz#d2108a7fad297dea60d549b2c10ed744dc0cbc0e"
  integrity sha512-QSO/NpOQg8e9BONWRBx9y8VGMCMYz0J/uKfNJEya/RGEu7ARx0oYW0ugI1N3/KB1AAvyGxzKBzGImbwg0KUiOQ==
  dependencies:
    "@primeuix/utils" "^0.6.1"

"@primeuix/styles@^2.0.3":
  version "2.0.3"
  resolved "https://registry.yarnpkg.com/@primeuix/styles/-/styles-2.0.3.tgz#e42d14c138fe092683228d65a3f6de17de70d6a0"
  integrity sha512-2ykAB6BaHzR/6TwF8ShpJTsZrid6cVIEBVlookSdvOdmlWuevGu5vWOScgIwqWwlZcvkFYAGR/SUV3OHCTBMdw==
  dependencies:
    "@primeuix/styled" "^0.7.4"

"@primeuix/themes@^2.0.3":
  version "2.0.3"
  resolved "https://registry.yarnpkg.com/@primeuix/themes/-/themes-2.0.3.tgz#c3919d49e818b3bbac611ab8d89a52d4ffed6815"
  integrity sha512-3fS1883mtCWhgUgNf/feiaaDSOND4EBIOu9tZnzJlJ8QtYyL6eFLcA6V3ymCWqLVXQ1+lTVEZv1gl47FIdXReg==
  dependencies:
    "@primeuix/styled" "^0.7.4"

"@primeuix/utils@^0.6.1", "@primeuix/utils@^0.6.3":
  version "0.6.4"
  resolved "https://registry.yarnpkg.com/@primeuix/utils/-/utils-0.6.4.tgz#f436eae1be166662d424b8550a97ba0c150819e6"
  integrity sha512-pZ5f+vj7wSzRhC7KoEQRU5fvYAe+RP9+m39CTscZ3UywCD1Y2o6Fe1rRgklMPSkzUcty2jzkA0zMYkiJBD1hgg==

echarts@^6.0.0:
  version "6.0.0"
  resolved "https://registry.yarnpkg.com/echarts/-/echarts-6.0.0.tgz#2935aa7751c282d1abbbf7d719d397199a15b9e7"
  integrity sha512-Tte/grDQRiETQP4xz3iZWSvoHrkCQtwqd6hs+mifXcjrCuo2iKWbajFObuLJVBlDIJlOzgQPd1hsaKt/3+OMkQ==
  dependencies:
    tslib "2.3.0"
    zrender "6.0.0"

primeng@^21.1.6:
  version "21.1.6"
  resolved "https://registry.yarnpkg.com/primeng/-/primeng-21.1.6.tgz#ff1ced4db7507c8959971afecb41801fb219a7d7"
  integrity sha512-kPLoixeMPXIXdQO+RnALRmMfSbPQYAeGx1yTltqkj7XbMkSm9Dr7IxqZZUYjUHemCcr2wyjW82G68WjSMDj66w==
  dependencies:
    "@primeuix/motion" "^0.0.10"
    "@primeuix/styled" "^0.7.4"
    "@primeuix/styles" "^2.0.3"
    "@primeuix/utils" "^0.6.3"
    tslib "^2.3.0"

tslib@2.3.0:
  version "2.3.0"
  resolved "https://registry.yarnpkg.com/tslib/-/tslib-2.3.0.tgz#803b8cdab3e12ba581a4ca41c8839bbb0dacb09e"
  integrity sha512-N82ooyxVNm6h1riLCoyS9e3fuJ3AMG2zIZs2Gd1ATcSFjSA23Q0fzjjZeh0jbJvWVDZ0cJT8yaNNaaXHzueNjg==

tslib@^2.3.0:
  version "2.8.1"
  resolved "https://registry.yarnpkg.com/tslib/-/tslib-2.8.1.tgz#612efe4ed235d567e8aba5f2a5fab70280ade83f"
  integrity sha512-oJFu94HQb+KVduSUQL7wnpmqnfmLsOA/nAh6b6EH0wCEoK0/mPeXU6c3wKDV83MkOuHPRHtSXKKU99IBazS/2w==

zrender@6.0.0:
  version "6.0.0"
  resolved "https://registry.yarnpkg.com/zrender/-/zrender-6.0.0.tgz#947077bc69cdea744134984927f132f3727f8079"
  integrity sha512-41dFXEEXuJpNecuUQq6JlbybmnHaqqpGlbH1yxnA5V9MMP4SbohSVZsJIwz+zdjQXSSlR1Vc34EgH1zxyTDvhg==
  dependencies:
    tslib "2.3.0"
